
Microsoft Visual Studio Solution File, Format Version 12.00
# Visual Studio Version 16
VisualStudioVersion = 16.0.30225.117
MinimumVisualStudioVersion = 10.0.40219.1
Project("{FAE04EC0-301F-11D3-BF4B-00C04F79EFBC}") = "BullsAndCows_0.5", "BullsAndCows_0.5\BullsAndCows_0.5.csproj", "{32F4B480-1326-453E-8AF9-A4F3DFDA507E}"
EndProject
Global
	GlobalSection(SolutionConfigurationPlatforms) = preSolution
		Debug|Any CPU = Debug|Any CPU
		Release|Any CPU = Release|Any CPU
	EndGlobalSection
	GlobalSection(ProjectConfigurationPlatforms) = postSolution
		{32F4B480-1326-453E-8AF9-A4F3DFDA507E}.Debug|Any CPU.ActiveCfg = Debug|Any CPU
		{32F4B480-1326-453E-8AF9-A4F3DFDA507E}.Debug|Any CPU.Build.0 = Debug|Any CPU
		{32F4B480-1326-453E-8AF9-A4F3DFDA507E}.Release|Any CPU.ActiveCfg = Release|Any CPU
		{32F4B480-1326-453E-8AF9-A4F3DFDA507E}.Release|Any CPU.Build.0 = Release|Any CPU
	EndGlobalSection
	GlobalSection(SolutionProperties) = preSolution
		HideSolutionNode = FALSE
	EndGlobalSection
	GlobalSection(ExtensibilityGlobals) = postSolution
		SolutionGuid = {D11FD4FA-FA77-43A4-BB7A-7118D3994874}
	EndGlobalSection
EndGlobal
